
Microsoft Visual Studio Solution File, Format Version 12.00
# Visual Studio Version 16
VisualStudioVersion = 16.0.33214.272
MinimumVisualStudioVersion = 10.0.40219.1
Project("{FAE04EC0-301F-11D3-BF4B-00C04F79EFBC}") = "Algoritma", "Algoritma.csproj", "{91BE9709-E296-4786-930D-DFD296C033C8}"
EndProject
Global
	GlobalSection(SolutionConfigurationPlatforms) = preSolution
		Debug|Any CPU = Debug|Any CPU
		Release|Any CPU = Release|Any CPU
	EndGlobalSection
	GlobalSection(ProjectConfigurationPlatforms) = postSolution
		{91BE9709-E296-4786-930D-DFD296C033C8}.Debug|Any CPU.ActiveCfg = Debug|Any CPU
		{91BE9709-E296-4786-930D-DFD296C033C8}.Debug|Any CPU.Build.0 = Debug|Any CPU
		{91BE9709-E296-4786-930D-DFD296C033C8}.Release|Any CPU.ActiveCfg = Release|Any CPU
		{91BE9709-E296-4786-930D-DFD296C033C8}.Release|Any CPU.Build.0 = Release|Any CPU
	EndGlobalSection
	GlobalSection(SolutionProperties) = preSolution
		HideSolutionNode = FALSE
	EndGlobalSection
	GlobalSection(ExtensibilityGlobals) = postSolution
		SolutionGuid = {312F7534-7EAA-48C0-A278-B2B109C6AF1D}
	EndGlobalSection
EndGlobal
